
Microsoft Visual Studio Solution File, Format Version 12.00
# Visual Studio 15
VisualStudioVersion = 15.0.26403.3
MinimumVisualStudioVersion = 10.0.40219.1
Project("{FAE04EC0-301F-11D3-BF4B-00C04F79EFBC}") = "Lvc", "Lvc\Lvc.csproj", "{DA0EC979-AE8A-4A3C-BB4E-F8A2ABF37D52}"
EndProject
Project("{FAE04EC0-301F-11D3-BF4B-00C04F79EFBC}") = "Lvc.Tests", "Lvc.Tests\Lvc.Tests.csproj", "{48DDF848-421D-4C97-8291-08A5CDADC20D}"
EndProject
Project("{FAE04EC0-301F-11D3-BF4B-00C04F79EFBC}") = "Lvc.Core", "Lvc.Core\Lvc.Core.csproj", "{CA65AC5F-4E94-4AF8-934E-848C20491579}"
EndProject
Project("{FAE04EC0-301F-11D3-BF4B-00C04F79EFBC}") = "Lvc.BackendPatterns", "Lvc.RepositoryPattern\Lvc.BackendPatterns.csproj", "{00B711FF-E240-462F-8E63-E48C18F0C94C}"
EndProject
Project("{FAE04EC0-301F-11D3-BF4B-00C04F79EFBC}") = "Lvc.BackendPatterns.Core", "Lvc.RepositoryPattern.Core\Lvc.BackendPatterns.Core.csproj", "{4E80D3CF-CC3C-4001-88FB-A2097F89209E}"
EndProject
Project("{FAE04EC0-301F-11D3-BF4B-00C04F79EFBC}") = "Lvc.Performance", "Lvc.Performance\Lvc.Performance.csproj", "{D3162315-78C4-4310-91BB-CC337889F036}"
EndProject
Project("{FAE04EC0-301F-11D3-BF4B-00C04F79EFBC}") = "Lvc.Performance.Core", "Lvc.Performance.Core\Lvc.Performance.Core.csproj", "{1C1EE283-5707-4E83-847A-93F5D3DFF24F}"
EndProject
Project("{2150E333-8FDC-42A3-9474-1A3956D46DE8}") = "Lvc", "Lvc", "{E216090E-034A-4AF4-A5B1-D517128B36F8}"
EndProject
Project("{2150E333-8FDC-42A3-9474-1A3956D46DE8}") = "BackendPatterns", "BackendPatterns", "{FC6B539A-F055-45EA-AB77-904E0E9C1FA3}"
EndProject
Project("{2150E333-8FDC-42A3-9474-1A3956D46DE8}") = "Performance", "Performance", "{3978D6EA-7477-4AAF-84C8-1056004840A5}"
EndProject
Project("{FAE04EC0-301F-11D3-BF4B-00C04F79EFBC}") = "Lvc.Performance.Tests", "Lvc.Performance.Tests\Lvc.Performance.Tests.csproj", "{FB65B3FC-1C6B-4C7E-8593-4FD0F8F2ED69}"
EndProject
Project("{FAE04EC0-301F-11D3-BF4B-00C04F79EFBC}") = "Lvc.BackendPatterns.Tests", "Lvc.BackendPatterns.Tests\Lvc.BackendPatterns.Tests.csproj", "{09B2DCBC-778F-4F2A-A32F-954548A90266}"
EndProject
Global
	GlobalSection(SolutionConfigurationPlatforms) = preSolution
		Debug|Any CPU = Debug|Any CPU
		Release|Any CPU = Release|Any CPU
	EndGlobalSection
	GlobalSection(ProjectConfigurationPlatforms) = postSolution
		{DA0EC979-AE8A-4A3C-BB4E-F8A2ABF37D52}.Debug|Any CPU.ActiveCfg = Debug|Any CPU
		{DA0EC979-AE8A-4A3C-BB4E-F8A2ABF37D52}.Debug|Any CPU.Build.0 = Debug|Any CPU
		{DA0EC979-AE8A-4A3C-BB4E-F8A2ABF37D52}.Release|Any CPU.ActiveCfg = Release|Any CPU
		{DA0EC979-AE8A-4A3C-BB4E-F8A2ABF37D52}.Release|Any CPU.Build.0 = Release|Any CPU
		{48DDF848-421D-4C97-8291-08A5CDADC20D}.Debug|Any CPU.ActiveCfg = Debug|Any CPU
		{48DDF848-421D-4C97-8291-08A5CDADC20D}.Debug|Any CPU.Build.0 = Debug|Any CPU
		{48DDF848-421D-4C97-8291-08A5CDADC20D}.Release|Any CPU.ActiveCfg = Release|Any CPU
		{48DDF848-421D-4C97-8291-08A5CDADC20D}.Release|Any CPU.Build.0 = Release|Any CPU
		{CA65AC5F-4E94-4AF8-934E-848C20491579}.Debug|Any CPU.ActiveCfg = Debug|Any CPU
		{CA65AC5F-4E94-4AF8-934E-848C20491579}.Debug|Any CPU.Build.0 = Debug|Any CPU
		{CA65AC5F-4E94-4AF8-934E-848C20491579}.Release|Any CPU.ActiveCfg = Release|Any CPU
		{CA65AC5F-4E94-4AF8-934E-848C20491579}.Release|Any CPU.Build.0 = Release|Any CPU
		{00B711FF-E240-462F-8E63-E48C18F0C94C}.Debug|Any CPU.ActiveCfg = Debug|Any CPU
		{00B711FF-E240-462F-8E63-E48C18F0C94C}.Debug|Any CPU.Build.0 = Debug|Any CPU
		{00B711FF-E240-462F-8E63-E48C18F0C94C}.Release|Any CPU.ActiveCfg = Release|Any CPU
		{00B711FF-E240-462F-8E63-E48C18F0C94C}.Release|Any CPU.Build.0 = Release|Any CPU
		{4E80D3CF-CC3C-4001-88FB-A2097F89209E}.Debug|Any CPU.ActiveCfg = Debug|Any CPU
		{4E80D3CF-CC3C-4001-88FB-A2097F89209E}.Debug|Any CPU.Build.0 = Debug|Any CPU
		{4E80D3CF-CC3C-4001-88FB-A2097F89209E}.Release|Any CPU.ActiveCfg = Release|Any CPU
		{4E80D3CF-CC3C-4001-88FB-A2097F89209E}.Release|Any CPU.Build.0 = Release|Any CPU
		{D3162315-78C4-4310-91BB-CC337889F036}.Debug|Any CPU.ActiveCfg = Debug|Any CPU
		{D3162315-78C4-4310-91BB-CC337889F036}.Debug|Any CPU.Build.0 = Debug|Any CPU
		{D3162315-78C4-4310-91BB-CC337889F036}.Release|Any CPU.ActiveCfg = Release|Any CPU
		{D3162315-78C4-4310-91BB-CC337889F036}.Release|Any CPU.Build.0 = Release|Any CPU
		{1C1EE283-5707-4E83-847A-93F5D3DFF24F}.Debug|Any CPU.ActiveCfg = Debug|Any CPU
		{1C1EE283-5707-4E83-847A-93F5D3DFF24F}.Debug|Any CPU.Build.0 = Debug|Any CPU
		{1C1EE283-5707-4E83-847A-93F5D3DFF24F}.Release|Any CPU.ActiveCfg = Release|Any CPU
		{1C1EE283-5707-4E83-847A-93F5D3DFF24F}.Release|Any CPU.Build.0 = Release|Any CPU
		{FB65B3FC-1C6B-4C7E-8593-4FD0F8F2ED69}.Debug|Any CPU.ActiveCfg = Debug|Any CPU
		{FB65B3FC-1C6B-4C7E-8593-4FD0F8F2ED69}.Debug|Any CPU.Build.0 = Debug|Any CPU
		{FB65B3FC-1C6B-4C7E-8593-4FD0F8F2ED69}.Release|Any CPU.ActiveCfg = Release|Any CPU
		{FB65B3FC-1C6B-4C7E-8593-4FD0F8F2ED69}.Release|Any CPU.Build.0 = Release|Any CPU
		{09B2DCBC-778F-4F2A-A32F-954548A90266}.Debug|Any CPU.ActiveCfg = Debug|Any CPU
		{09B2DCBC-778F-4F2A-A32F-954548A90266}.Debug|Any CPU.Build.0 = Debug|Any CPU
		{09B2DCBC-778F-4F2A-A32F-954548A90266}.Release|Any CPU.ActiveCfg = Release|Any CPU
		{09B2DCBC-778F-4F2A-A32F-954548A90266}.Release|Any CPU.Build.0 = Release|Any CPU
	EndGlobalSection
	GlobalSection(SolutionProperties) = preSolution
		HideSolutionNode = FALSE
	EndGlobalSection
	GlobalSection(NestedProjects) = preSolution
		{DA0EC979-AE8A-4A3C-BB4E-F8A2ABF37D52} = {E216090E-034A-4AF4-A5B1-D517128B36F8}
		{48DDF848-421D-4C97-8291-08A5CDADC20D} = {E216090E-034A-4AF4-A5B1-D517128B36F8}
		{CA65AC5F-4E94-4AF8-934E-848C20491579} = {E216090E-034A-4AF4-A5B1-D517128B36F8}
		{00B711FF-E240-462F-8E63-E48C18F0C94C} = {FC6B539A-F055-45EA-AB77-904E0E9C1FA3}
		{4E80D3CF-CC3C-4001-88FB-A2097F89209E} = {FC6B539A-F055-45EA-AB77-904E0E9C1FA3}
		{D3162315-78C4-4310-91BB-CC337889F036} = {3978D6EA-7477-4AAF-84C8-1056004840A5}
		{1C1EE283-5707-4E83-847A-93F5D3DFF24F} = {3978D6EA-7477-4AAF-84C8-1056004840A5}
		{FC6B539A-F055-45EA-AB77-904E0E9C1FA3} = {E216090E-034A-4AF4-A5B1-D517128B36F8}
		{3978D6EA-7477-4AAF-84C8-1056004840A5} = {E216090E-034A-4AF4-A5B1-D517128B36F8}
		{FB65B3FC-1C6B-4C7E-8593-4FD0F8F2ED69} = {3978D6EA-7477-4AAF-84C8-1056004840A5}
		{09B2DCBC-778F-4F2A-A32F-954548A90266} = {FC6B539A-F055-45EA-AB77-904E0E9C1FA3}
	EndGlobalSection
EndGlobal
